http_interactions:
- request:
    method: post
    uri: https://api.twitter.com/1.1/blocks/create.json?screen_name=rtweet_test
    body:
      encoding: ''
      string: ''
    headers:
      Accept: application/json, text/xml, application/xml, */*
      Content-Type: ''
      Authorization: My oauth token is safe
  response:
    status:
      status_code: 403
      category: Client error
      reason: Forbidden
      message: 'Client error: (403) Forbidden'
    headers:
      cache-control: no-cache, no-store, must-revalidate, pre-check=0, post-check=0
      content-disposition: attachment; filename=json.json
      content-encoding: gzip
      content-length: '93'
      content-type: application/json;charset=utf-8
      date: Wed, 04 May 2022 20:28:45 GMT
      expires: Tue, 31 Mar 1981 05:00:00 GMT
      last-modified: Wed, 04 May 2022 20:28:45 GMT
      pragma: no-cache
      server: tsa_f
      set-cookie:
      - lang=en; Path=/
      - guest_id=v1%3A165169612574893333; Max-Age=34214400; Expires=Sun, 04 Jun 2023
        20:28:45 GMT; Path=/; Domain=.twitter.com; Secure; SameSite=None
      status: 403 Forbidden
      strict-transport-security: max-age=631138519
      x-access-level: read-write-directmessages
      x-connection-hash: 53b338ea918f00d11aa2ea6030615a06717b88d6350e893f9b6297c83982679b
      x-content-type-options: nosniff
      x-frame-options: SAMEORIGIN
      x-response-time: '169'
      x-transaction: 5c867bf337bbf571
      x-twitter-response-tags: BouncerCompliant
      x-xss-protection: '0'
    body:
      encoding: UTF-8
      file: no
      string: '{"errors":[{"code":147,"message":"Sorry, you can''t block yourself."}]}'
  recorded_at: 2022-05-04 20:28:45 GMT
  recorded_with: vcr/1.0.2, webmockr/0.8.0
